
Microsoft Visual Studio Solution File, Format Version 12.00
# Visual Studio Version 16
VisualStudioVersion = 16.0.29613.14
MinimumVisualStudioVersion = 10.0.40219.1
Project("{9A19103F-16F7-4668-BE54-9A1E7A4F7556}") = "test02", "test02.csproj", "{97781278-41EA-4B5E-AD8A-92A276E16B3C}"
EndProject
Global
	GlobalSection(SolutionConfigurationPlatforms) = preSolution
		Debug|Any CPU = Debug|Any CPU
		Release|Any CPU = Release|Any CPU
	EndGlobalSection
	GlobalSection(ProjectConfigurationPlatforms) = postSolution
		{97781278-41EA-4B5E-AD8A-92A276E16B3C}.Debug|Any CPU.ActiveCfg = Debug|Any CPU
		{97781278-41EA-4B5E-AD8A-92A276E16B3C}.Debug|Any CPU.Build.0 = Debug|Any CPU
		{97781278-41EA-4B5E-AD8A-92A276E16B3C}.Release|Any CPU.ActiveCfg = Release|Any CPU
		{97781278-41EA-4B5E-AD8A-92A276E16B3C}.Release|Any CPU.Build.0 = Release|Any CPU
	EndGlobalSection
	GlobalSection(SolutionProperties) = preSolution
		HideSolutionNode = FALSE
	EndGlobalSection
	GlobalSection(ExtensibilityGlobals) = postSolution
		SolutionGuid = {E24AD8D5-0F48-49DF-8CBD-E5BA1ED6F308}
	EndGlobalSection
EndGlobal
